// !$*UTF8*$!
{
	archiveVersion = 1;
	classes = {
	};
	objectVersion = 46;
	objects = {

/* Begin PBXBuildFile section */
		7EE2EF5A18F8643900A4E1AC /* Foundation.framework in Frameworks */ = {isa = PBXBuildFile; fileRef = 7EE2EF5918F8643900A4E1AC /* Foundation.framework */; };
		7EE2EF5C18F8643900A4E1AC /* CoreGraphics.framework in Frameworks */ = {isa = PBXBuildFile; fileRef = 7EE2EF5B18F8643900A4E1AC /* CoreGraphics.framework */; };
		7EE2EF5E18F8643900A4E1AC /* UIKit.framework in Frameworks */ = {isa = PBXBuildFile; fileRef = 7EE2EF5D18F8643900A4E1AC /* UIKit.framework */; };
		7EE2EF6418F8643900A4E1AC /* InfoPlist.strings in Resources */ = {isa = PBXBuildFile; fileRef = 7EE2EF6218F8643900A4E1AC /* InfoPlist.strings */; };
		7EE2EF6618F8643900A4E1AC /* main.m in Sources */ = {isa = PBXBuildFile; fileRef = 7EE2EF6518F8643900A4E1AC /* main.m */; };
		7EE2EF6A18F8643900A4E1AC /* AppDelegate.m in Sources */ = {isa = PBXBuildFile; fileRef = 7EE2EF6918F8643900A4E1AC /* AppDelegate.m */; };
		7EE2EF6D18F8643900A4E1AC /* Main.storyboard in Resources */ = {isa = PBXBuildFile; fileRef = 7EE2EF6B18F8643900A4E1AC /* Main.storyboard */; };
		7EE2EF7018F8643900A4E1AC /* ViewController.m in Sources */ = {isa = PBXBuildFile; fileRef = 7EE2EF6F18F8643900A4E1AC /* ViewController.m */; };
		7EE2EF7218F8643900A4E1AC /* Images.xcassets in Resources */ = {isa = PBXBuildFile; fileRef = 7EE2EF7118F8643900A4E1AC /* Images.xcassets */; };
		7EE2EF7918F8643A00A4E1AC /* XCTest.framework in Frameworks */ = {isa = PBXBuildFile; fileRef = 7EE2EF7818F8643A00A4E1AC /* XCTest.framework */; };
		7EE2EF7A18F8643A00A4E1AC /* Foundation.framework in Frameworks */ = {isa = PBXBuildFile; fileRef = 7EE2EF5918F8643900A4E1AC /* Foundation.framework */; };
		7EE2EF7B18F8643A00A4E1AC /* UIKit.framework in Frameworks */ = {isa = PBXBuildFile; fileRef = 7EE2EF5D18F8643900A4E1AC /* UIKit.framework */; };
		7EE2EF8318F8643A00A4E1AC /* InfoPlist.strings in Resources */ = {isa = PBXBuildFile; fileRef = 7EE2EF8118F8643A00A4E1AC /* InfoPlist.strings */; };
		7EE2EF8518F8643A00A4E1AC /* TwiceCodingChallengeTests.m in Sources */ = {isa = PBXBuildFile; fileRef = 7EE2EF8418F8643A00A4E1AC /* TwiceCodingChallengeTests.m */; };
/* End PBXBuildFile section */

/* Begin PBXContainerItemProxy section */
		7EE2EF7C18F8643A00A4E1AC /* PBXContainerItemProxy */ = {
			isa = PBXContainerItemProxy;
			containerPortal = 7EE2EF4E18F8643900A4E1AC /* Project object */;
			proxyType = 1;
			remoteGlobalIDString = 7EE2EF5518F8643900A4E1AC;
			remoteInfo = TwiceCodingChallenge;
		};
/* End PBXContainerItemProxy section */

/* Begin PBXFileReference section */
		7EE2EF5618F8643900A4E1AC /* TwiceCodingChallenge.app */ = {isa = PBXFileReference; explicitFileType = wrapper.application; includeInIndex = 0; path = TwiceCodingChallenge.app; sourceTree = BUILT_PRODUCTS_DIR; };
		7EE2EF5918F8643900A4E1AC /* Foundation.framework */ = {isa = PBXFileReference; lastKnownFileType = wrapper.framework; name = Foundation.framework; path = System/Library/Frameworks/Foundation.framework; sourceTree = SDKROOT; };
		7EE2EF5B18F8643900A4E1AC /* CoreGraphics.framework */ = {isa = PBXFileReference; lastKnownFileType = wrapper.framework; name = CoreGraphics.framework; path = System/Library/Frameworks/CoreGraphics.framework; sourceTree = SDKROOT; };
		7EE2EF5D18F8643900A4E1AC /* UIKit.framework */ = {isa = PBXFileReference; lastKnownFileType = wrapper.framework; name = UIKit.framework; path = System/Library/Frameworks/UIKit.framework; sourceTree = SDKROOT; };
		7EE2EF6118F8643900A4E1AC /* TwiceCodingChallenge-Info.plist */ = {isa = PBXFileReference; lastKnownFileType = text.plist.xml; path = "TwiceCodingChallenge-Info.plist"; sourceTree = "<group>"; };
		7EE2EF6318F8643900A4E1AC /* en */ = {isa = PBXFileReference; lastKnownFileType = text.plist.strings; name = en; path = en.lproj/InfoPlist.strings; sourceTree = "<group>"; };
		7EE2EF6518F8643900A4E1AC /* main.m */ = {isa = PBXFileReference; lastKnownFileType = sourcecode.c.objc; path = main.m; sourceTree = "<group>"; };
		7EE2EF6718F8643900A4E1AC /* TwiceCodingChallenge-Prefix.pch */ = {isa = PBXFileReference; lastKnownFileType = sourcecode.c.h; path = "TwiceCodingChallenge-Prefix.pch"; sourceTree = "<group>"; };
		7EE2EF6818F8643900A4E1AC /* AppDelegate.h */ = {isa = PBXFileReference; lastKnownFileType = sourcecode.c.h; path = AppDelegate.h; sourceTree = "<group>"; };
		7EE2EF6918F8643900A4E1AC /* AppDelegate.m */ = {isa = PBXFileReference; lastKnownFileType = sourcecode.c.objc; path = AppDelegate.m; sourceTree = "<group>"; };
		7EE2EF6C18F8643900A4E1AC /* Base */ = {isa = PBXFileReference; lastKnownFileType = file.storyboard; name = Base; path = Base.lproj/Main.storyboard; sourceTree = "<group>"; };
		7EE2EF6E18F8643900A4E1AC /* ViewController.h */ = {isa = PBXFileReference; lastKnownFileType = sourcecode.c.h; path = ViewController.h; sourceTree = "<group>"; };
		7EE2EF6F18F8643900A4E1AC /* ViewController.m */ = {isa = PBXFileReference; lastKnownFileType = sourcecode.c.objc; path = ViewController.m; sourceTree = "<group>"; };
		7EE2EF7118F8643900A4E1AC /* Images.xcassets */ = {isa = PBXFileReference; lastKnownFileType = folder.assetcatalog; path = Images.xcassets; sourceTree = "<group>"; };
		7EE2EF7718F8643A00A4E1AC /* TwiceCodingChallengeTests.xctest */ = {isa = PBXFileReference; explicitFileType = wrapper.cfbundle; includeInIndex = 0; path = TwiceCodingChallengeTests.xctest; sourceTree = BUILT_PRODUCTS_DIR; };
		7EE2EF7818F8643A00A4E1AC /* XCTest.framework */ = {isa = PBXFileReference; lastKnownFileType = wrapper.framework; name = XCTest.framework; path = Library/Frameworks/XCTest.framework; sourceTree = DEVELOPER_DIR; };
		7EE2EF8018F8643A00A4E1AC /* TwiceCodingChallengeTests-Info.plist */ = {isa = PBXFileReference; lastKnownFileType = text.plist.xml; path = "TwiceCodingChallengeTests-Info.plist"; sourceTree = "<group>"; };
		7EE2EF8218F8643A00A4E1AC /* en */ = {isa = PBXFileReference; lastKnownFileType = text.plist.strings; name = en; path = en.lproj/InfoPlist.strings; sourceTree = "<group>"; };
		7EE2EF8418F8643A00A4E1AC /* TwiceCodingChallengeTests.m */ = {isa = PBXFileReference; lastKnownFileType = sourcecode.c.objc; path = TwiceCodingChallengeTests.m; sourceTree = "<group>"; };
/* End PBXFileReference section */

/* Begin PBXFrameworksBuildPhase section */
		7EE2EF5318F8643900A4E1AC /* Frameworks */ = {
			isa = PBXFrameworksBuildPhase;
			buildActionMask = 2147483647;
			files = (
				7EE2EF5C18F8643900A4E1AC /* CoreGraphics.framework in Frameworks */,
				7EE2EF5E18F8643900A4E1AC /* UIKit.framework in Frameworks */,
				7EE2EF5A18F8643900A4E1AC /* Foundation.framework in Frameworks */,
			);
			runOnlyForDeploymentPostprocessing = 0;
		};
		7EE2EF7418F8643A00A4E1AC /* Frameworks */ = {
			isa = PBXFrameworksBuildPhase;
			buildActionMask = 2147483647;
			files = (
				7EE2EF7918F8643A00A4E1AC /* XCTest.framework in Frameworks */,
				7EE2EF7B18F8643A00A4E1AC /* UIKit.framework in Frameworks */,
				7EE2EF7A18F8643A00A4E1AC /* Foundation.framework in Frameworks */,
			);
			runOnlyForDeploymentPostprocessing = 0;
		};
/* End PBXFrameworksBuildPhase section */

/* Begin PBXGroup section */
		7EE2EF4D18F8643900A4E1AC = {
			isa = PBXGroup;
			children = (
				7EE2EF5F18F8643900A4E1AC /* TwiceCodingChallenge */,
				7EE2EF7E18F8643A00A4E1AC /* TwiceCodingChallengeTests */,
				7EE2EF5818F8643900A4E1AC /* Frameworks */,
				7EE2EF5718F8643900A4E1AC /* Products */,
			);
			sourceTree = "<group>";
		};
		7EE2EF5718F8643900A4E1AC /* Products */ = {
			isa = PBXGroup;
			children = (
				7EE2EF5618F8643900A4E1AC /* TwiceCodingChallenge.app */,
				7EE2EF7718F8643A00A4E1AC /* TwiceCodingChallengeTests.xctest */,
			);
			name = Products;
			sourceTree = "<group>";
		};
		7EE2EF5818F8643900A4E1AC /* Frameworks */ = {
			isa = PBXGroup;
			children = (
				7EE2EF5918F8643900A4E1AC /* Foundation.framework */,
				7EE2EF5B18F8643900A4E1AC /* CoreGraphics.framework */,
				7EE2EF5D18F8643900A4E1AC /* UIKit.framework */,
				7EE2EF7818F8643A00A4E1AC /* XCTest.framework */,
			);
			name = Frameworks;
			sourceTree = "<group>";
		};
		7EE2EF5F18F8643900A4E1AC /* TwiceCodingChallenge */ = {
			isa = PBXGroup;
			children = (
				7EE2EF6818F8643900A4E1AC /* AppDelegate.h */,
				7EE2EF6918F8643900A4E1AC /* AppDelegate.m */,
				7EE2EF6B18F8643900A4E1AC /* Main.storyboard */,
				7EE2EF6E18F8643900A4E1AC /* ViewController.h */,
				7EE2EF6F18F8643900A4E1AC /* ViewController.m */,
				7EE2EF7118F8643900A4E1AC /* Images.xcassets */,
				7EE2EF6018F8643900A4E1AC /* Supporting Files */,
			);
			path = TwiceCodingChallenge;
			sourceTree = "<group>";
		};
		7EE2EF6018F8643900A4E1AC /* Supporting Files */ = {
			isa = PBXGroup;
			children = (
				7EE2EF6118F8643900A4E1AC /* TwiceCodingChallenge-Info.plist */,
				7EE2EF6218F8643900A4E1AC /* InfoPlist.strings */,
				7EE2EF6518F8643900A4E1AC /* main.m */,
				7EE2EF6718F8643900A4E1AC /* TwiceCodingChallenge-Prefix.pch */,
			);
			name = "Supporting Files";
			sourceTree = "<group>";
		};
		7EE2EF7E18F8643A00A4E1AC /* TwiceCodingChallengeTests */ = {
			isa = PBXGroup;
			children = (
				7EE2EF8418F8643A00A4E1AC /* TwiceCodingChallengeTests.m */,
				7EE2EF7F18F8643A00A4E1AC /* Supporting Files */,
			);
			path = TwiceCodingChallengeTests;
			sourceTree = "<group>";
		};
		7EE2EF7F18F8643A00A4E1AC /* Supporting Files */ = {
			isa = PBXGroup;
			children = (
				7EE2EF8018F8643A00A4E1AC /* TwiceCodingChallengeTests-Info.plist */,
				7EE2EF8118F8643A00A4E1AC /* InfoPlist.strings */,
			);
			name = "Supporting Files";
			sourceTree = "<group>";
		};
/* End PBXGroup section */

/* Begin PBXNativeTarget section */
		7EE2EF5518F8643900A4E1AC /* TwiceCodingChallenge */ = {
			isa = PBXNativeTarget;
			buildConfigurationList = 7EE2EF8818F8643A00A4E1AC /* Build configuration list for PBXNativeTarget "TwiceCodingChallenge" */;
			buildPhases = (
				7EE2EF5218F8643900A4E1AC /* Sources */,
				7EE2EF5318F8643900A4E1AC /* Frameworks */,
				7EE2EF5418F8643900A4E1AC /* Resources */,
			);
			buildRules = (
			);
			dependencies = (
			);
			name = TwiceCodingChallenge;
			productName = TwiceCodingChallenge;
			productReference = 7EE2EF5618F8643900A4E1AC /* TwiceCodingChallenge.app */;
			productType = "com.apple.product-type.application";
		};
		7EE2EF7618F8643A00A4E1AC /* TwiceCodingChallengeTests */ = {
			isa = PBXNativeTarget;
			buildConfigurationList = 7EE2EF8B18F8643A00A4E1AC /* Build configuration list for PBXNativeTarget "TwiceCodingChallengeTests" */;
			buildPhases = (
				7EE2EF7318F8643A00A4E1AC /* Sources */,
				7EE2EF7418F8643A00A4E1AC /* Frameworks */,
				7EE2EF7518F8643A00A4E1AC /* Resources */,
			);
			buildRules = (
			);
			dependencies = (
				7EE2EF7D18F8643A00A4E1AC /* PBXTargetDependency */,
			);
			name = TwiceCodingChallengeTests;
			productName = TwiceCodingChallengeTests;
			productReference = 7EE2EF7718F8643A00A4E1AC /* TwiceCodingChallengeTests.xctest */;
			productType = "com.apple.product-type.bundle.unit-test";
		};
/* End PBXNativeTarget section */

/* Begin PBXProject section */
		7EE2EF4E18F8643900A4E1AC /* Project object */ = {
			isa = PBXProject;
			attributes = {
				LastUpgradeCheck = 0510;
				ORGANIZATIONNAME = "Kostia Dombrovsky";
				TargetAttributes = {
					7EE2EF7618F8643A00A4E1AC = {
						TestTargetID = 7EE2EF5518F8643900A4E1AC;
					};
				};
			};
			buildConfigurationList = 7EE2EF5118F8643900A4E1AC /* Build configuration list for PBXProject "TwiceCodingChallenge" */;
			compatibilityVersion = "Xcode 3.2";
			developmentRegion = English;
			hasScannedForEncodings = 0;
			knownRegions = (
				en,
				Base,
			);
			mainGroup = 7EE2EF4D18F8643900A4E1AC;
			productRefGroup = 7EE2EF5718F8643900A4E1AC /* Products */;
			projectDirPath = "";
			projectRoot = "";
			targets = (
				7EE2EF5518F8643900A4E1AC /* TwiceCodingChallenge */,
				7EE2EF7618F8643A00A4E1AC /* TwiceCodingChallengeTests */,
			);
		};
/* End PBXProject section */

/* Begin PBXResourcesBuildPhase section */
		7EE2EF5418F8643900A4E1AC /* Resources */ = {
			isa = PBXResourcesBuildPhase;
			buildActionMask = 2147483647;
			files = (
				7EE2EF7218F8643900A4E1AC /* Images.xcassets in Resources */,
				7EE2EF6418F8643900A4E1AC /* InfoPlist.strings in Resources */,
				7EE2EF6D18F8643900A4E1AC /* Main.storyboard in Resources */,
			);
			runOnlyForDeploymentPostprocessing = 0;
		};
		7EE2EF7518F8643A00A4E1AC /* Resources */ = {
			isa = PBXResourcesBuildPhase;
			buildActionMask = 2147483647;
			files = (
				7EE2EF8318F8643A00A4E1AC /* InfoPlist.strings in Resources */,
			);
			runOnlyForDeploymentPostprocessing = 0;
		};
/* End PBXResourcesBuildPhase section */

/* Begin PBXSourcesBuildPhase section */
		7EE2EF5218F8643900A4E1AC /* Sources */ = {
			isa = PBXSourcesBuildPhase;
			buildActionMask = 2147483647;
			files = (
				7EE2EF7018F8643900A4E1AC /* ViewController.m in Sources */,
				7EE2EF6A18F8643900A4E1AC /* AppDelegate.m in Sources */,
				7EE2EF6618F8643900A4E1AC /* main.m in Sources */,
			);
			runOnlyForDeploymentPostprocessing = 0;
		};
		7EE2EF7318F8643A00A4E1AC /* Sources */ = {
			isa = PBXSourcesBuildPhase;
			buildActionMask = 2147483647;
			files = (
				7EE2EF8518F8643A00A4E1AC /* TwiceCodingChallengeTests.m in Sources */,
			);
			runOnlyForDeploymentPostprocessing = 0;
		};
/* End PBXSourcesBuildPhase section */

/* Begin PBXTargetDependency section */
		7EE2EF7D18F8643A00A4E1AC /* PBXTargetDependency */ = {
			isa = PBXTargetDependency;
			target = 7EE2EF5518F8643900A4E1AC /* TwiceCodingChallenge */;
			targetProxy = 7EE2EF7C18F8643A00A4E1AC /* PBXContainerItemProxy */;
		};
/* End PBXTargetDependency section */

/* Begin PBXVariantGroup section */
		7EE2EF6218F8643900A4E1AC /* InfoPlist.strings */ = {
			isa = PBXVariantGroup;
			children = (
				7EE2EF6318F8643900A4E1AC /* en */,
			);
			name = InfoPlist.strings;
			sourceTree = "<group>";
		};
		7EE2EF6B18F8643900A4E1AC /* Main.storyboard */ = {
			isa = PBXVariantGroup;
			children = (
				7EE2EF6C18F8643900A4E1AC /* Base */,
			);
			name = Main.storyboard;
			sourceTree = "<group>";
		};
		7EE2EF8118F8643A00A4E1AC /* InfoPlist.strings */ = {
			isa = PBXVariantGroup;
			children = (
				7EE2EF8218F8643A00A4E1AC /* en */,
			);
			name = InfoPlist.strings;
			sourceTree = "<group>";
		};
/* End PBXVariantGroup section */

/* Begin XCBuildConfiguration section */
		7EE2EF8618F8643A00A4E1AC /* Debug */ = {
			isa = XCBuildConfiguration;
			buildSettings = {
				ALWAYS_SEARCH_USER_PATHS = NO;
				CLANG_CXX_LANGUAGE_STANDARD = "gnu++0x";
				CLANG_CXX_LIBRARY = "libc++";
				CLANG_ENABLE_MODULES = YES;
				CLANG_ENABLE_OBJC_ARC = YES;
				CLANG_WARN_BOOL_CONVERSION = YES;
				CLANG_WARN_CONSTANT_CONVERSION = YES;
				CLANG_WARN_DIRECT_OBJC_ISA_USAGE = YES_ERROR;
				CLANG_WARN_EMPTY_BODY = YES;
				CLANG_WARN_ENUM_CONVERSION = YES;
				CLANG_WARN_INT_CONVERSION = YES;
				CLANG_WARN_OBJC_ROOT_CLASS = YES_ERROR;
				CLANG_WARN__DUPLICATE_METHOD_MATCH = YES;
				"CODE_SIGN_IDENTITY[sdk=iphoneos*]" = "iPhone Developer";
				COPY_PHASE_STRIP = NO;
				GCC_C_LANGUAGE_STANDARD = gnu99;
				GCC_DYNAMIC_NO_PIC = NO;
				GCC_OPTIMIZATION_LEVEL = 0;
				GCC_PREPROCESSOR_DEFINITIONS = (
					"DEBUG=1",
					"$(inherited)",
				);
				GCC_SYMBOLS_PRIVATE_EXTERN = NO;
				GCC_WARN_64_TO_32_BIT_CONVERSION = YES;
				GCC_WARN_ABOUT_RETURN_TYPE = YES_ERROR;
				GCC_WARN_UNDECLARED_SELECTOR = YES;
				GCC_WARN_UNINITIALIZED_AUTOS = YES_AGGRESSIVE;
				GCC_WARN_UNUSED_FUNCTION = YES;
				GCC_WARN_UNUSED_VARIABLE = YES;
				IPHONEOS_DEPLOYMENT_TARGET = 7.1;
				ONLY_ACTIVE_ARCH = YES;
				SDKROOT = iphoneos;
			};
			name = Debug;
		};
		7EE2EF8718F8643A00A4E1AC /* Release */ = {
			isa = XCBuildConfiguration;
			buildSettings = {
				ALWAYS_SEARCH_USER_PATHS = NO;
				CLANG_CXX_LANGUAGE_STANDARD = "gnu++0x";
				CLANG_CXX_LIBRARY = "libc++";
				CLANG_ENABLE_MODULES = YES;
				CLANG_ENABLE_OBJC_ARC = YES;
				CLANG_WARN_BOOL_CONVERSION = YES;
				CLANG_WARN_CONSTANT_CONVERSION = YES;
				CLANG_WARN_DIRECT_OBJC_ISA_USAGE = YES_ERROR;
				CLANG_WARN_EMPTY_BODY = YES;
				CLANG_WARN_ENUM_CONVERSION = YES;
				CLANG_WARN_INT_CONVERSION = YES;
				CLANG_WARN_OBJC_ROOT_CLASS = YES_ERROR;
				CLANG_WARN__DUPLICATE_METHOD_MATCH = YES;
				"CODE_SIGN_IDENTITY[sdk=iphoneos*]" = "iPhone Developer";
				COPY_PHASE_STRIP = YES;
				ENABLE_NS_ASSERTIONS = NO;
				GCC_C_LANGUAGE_STANDARD = gnu99;
				GCC_WARN_64_TO_32_BIT_CONVERSION = YES;
				GCC_WARN_ABOUT_RETURN_TYPE = YES_ERROR;
				GCC_WARN_UNDECLARED_SELECTOR = YES;
				GCC_WARN_UNINITIALIZED_AUTOS = YES_AGGRESSIVE;
				GCC_WARN_UNUSED_FUNCTION = YES;
				GCC_WARN_UNUSED_VARIABLE = YES;
				IPHONEOS_DEPLOYMENT_TARGET = 7.1;
				SDKROOT = iphoneos;
				VALIDATE_PRODUCT = YES;
			};
			name = Release;
		};
		7EE2EF8918F8643A00A4E1AC /* Debug */ = {
			isa = XCBuildConfiguration;
			buildSettings = {
				ASSETCATALOG_COMPILER_APPICON_NAME = AppIcon;
				ASSETCATALOG_COMPILER_LAUNCHIMAGE_NAME = LaunchImage;
				GCC_PRECOMPILE_PREFIX_HEADER = YES;
				GCC_PREFIX_HEADER = "TwiceCodingChallenge/TwiceCodingChallenge-Prefix.pch";
				INFOPLIST_FILE = "TwiceCodingChallenge/TwiceCodingChallenge-Info.plist";
				PRODUCT_NAME = "$(TARGET_NAME)";
				WRAPPER_EXTENSION = app;
			};
			name = Debug;
		};
		7EE2EF8A18F8643A00A4E1AC /* Release */ = {
			isa = XCBuildConfiguration;
			buildSettings = {
				ASSETCATALOG_COMPILER_APPICON_NAME = AppIcon;
				ASSETCATALOG_COMPILER_LAUNCHIMAGE_NAME = LaunchImage;
				GCC_PRECOMPILE_PREFIX_HEADER = YES;
				GCC_PREFIX_HEADER = "TwiceCodingChallenge/TwiceCodingChallenge-Prefix.pch";
				INFOPLIST_FILE = "TwiceCodingChallenge/TwiceCodingChallenge-Info.plist";
				PRODUCT_NAME = "$(TARGET_NAME)";
				WRAPPER_EXTENSION = app;
			};
			name = Release;
		};
		7EE2EF8C18F8643A00A4E1AC /* Debug */ = {
			isa = XCBuildConfiguration;
			buildSettings = {
				BUNDLE_LOADER = "$(BUILT_PRODUCTS_DIR)/TwiceCodingChallenge.app/TwiceCodingChallenge";
				FRAMEWORK_SEARCH_PATHS = (
					"$(SDKROOT)/Developer/Library/Frameworks",
					"$(inherited)",
					"$(DEVELOPER_FRAMEWORKS_DIR)",
				);
				GCC_PRECOMPILE_PREFIX_HEADER = YES;
				GCC_PREFIX_HEADER = "TwiceCodingChallenge/TwiceCodingChallenge-Prefix.pch";
				GCC_PREPROCESSOR_DEFINITIONS = (
					"DEBUG=1",
					"$(inherited)",
				);
				INFOPLIST_FILE = "TwiceCodingChallengeTests/TwiceCodingChallengeTests-Info.plist";
				PRODUCT_NAME = "$(TARGET_NAME)";
				TEST_HOST = "$(BUNDLE_LOADER)";
				WRAPPER_EXTENSION = xctest;
			};
			name = Debug;
		};
		7EE2EF8D18F8643A00A4E1AC /* Release */ = {
			isa = XCBuildConfiguration;
			buildSettings = {
				BUNDLE_LOADER = "$(BUILT_PRODUCTS_DIR)/TwiceCodingChallenge.app/TwiceCodingChallenge";
				FRAMEWORK_SEARCH_PATHS = (
					"$(SDKROOT)/Developer/Library/Frameworks",
					"$(inherited)",
					"$(DEVELOPER_FRAMEWORKS_DIR)",
				);
				GCC_PRECOMPILE_PREFIX_HEADER = YES;
				GCC_PREFIX_HEADER = "TwiceCodingChallenge/TwiceCodingChallenge-Prefix.pch";
				INFOPLIST_FILE = "TwiceCodingChallengeTests/TwiceCodingChallengeTests-Info.plist";
				PRODUCT_NAME = "$(TARGET_NAME)";
				TEST_HOST = "$(BUNDLE_LOADER)";
				WRAPPER_EXTENSION = xctest;
			};
			name = Release;
		};
/* End XCBuildConfiguration section */

/* Begin XCConfigurationList section */
		7EE2EF5118F8643900A4E1AC /* Build configuration list for PBXProject "TwiceCodingChallenge" */ = {
			isa = XCConfigurationList;
			buildConfigurations = (
				7EE2EF8618F8643A00A4E1AC /* Debug */,
				7EE2EF8718F8643A00A4E1AC /* Release */,
			);
			defaultConfigurationIsVisible = 0;
			defaultConfigurationName = Release;
		};
		7EE2EF8818F8643A00A4E1AC /* Build configuration list for PBXNativeTarget "TwiceCodingChallenge" */ = {
			isa = XCConfigurationList;
			buildConfigurations = (
				7EE2EF8918F8643A00A4E1AC /* Debug */,
				7EE2EF8A18F8643A00A4E1AC /* Release */,
			);
			defaultConfigurationIsVisible = 0;
		};
		7EE2EF8B18F8643A00A4E1AC /* Build configuration list for PBXNativeTarget "TwiceCodingChallengeTests" */ = {
			isa = XCConfigurationList;
			buildConfigurations = (
				7EE2EF8C18F8643A00A4E1AC /* Debug */,
				7EE2EF8D18F8643A00A4E1AC /* Release */,
			);
			defaultConfigurationIsVisible = 0;
		};
/* End XCConfigurationList section */
	};
	rootObject = 7EE2EF4E18F8643900A4E1AC /* Project object */;
}
